
Microsoft Visual Studio Solution File, Format Version 12.00
# Visual Studio Version 16
VisualStudioVersion = 16.0.31613.86
MinimumVisualStudioVersion = 10.0.40219.1
Project("{F184B08F-C81C-45F6-A57F-5ABD9991F28F}") = "Deteccion_de_terremotos", "Deteccion_de_terremotos.vbproj", "{30A2373C-8DBD-432B-A13D-98E7B1F2854D}"
EndProject
Global
	GlobalSection(SolutionConfigurationPlatforms) = preSolution
		Debug|Any CPU = Debug|Any CPU
		Release|Any CPU = Release|Any CPU
	EndGlobalSection
	GlobalSection(ProjectConfigurationPlatforms) = postSolution
		{30A2373C-8DBD-432B-A13D-98E7B1F2854D}.Debug|Any CPU.ActiveCfg = Debug|Any CPU
		{30A2373C-8DBD-432B-A13D-98E7B1F2854D}.Debug|Any CPU.Build.0 = Debug|Any CPU
		{30A2373C-8DBD-432B-A13D-98E7B1F2854D}.Release|Any CPU.ActiveCfg = Release|Any CPU
		{30A2373C-8DBD-432B-A13D-98E7B1F2854D}.Release|Any CPU.Build.0 = Release|Any CPU
	EndGlobalSection
	GlobalSection(SolutionProperties) = preSolution
		HideSolutionNode = FALSE
	EndGlobalSection
	GlobalSection(ExtensibilityGlobals) = postSolution
		SolutionGuid = {F46DB007-57CA-4553-8239-7A457B84767E}
	EndGlobalSection
EndGlobal
